dependencies:
- name: central
  repository: file://../central
  version: 8.7.1
- name: ml-api-adapter
  repository: file://../ml-api-adapter
  version: 8.7.1
- name: emailnotifier
  repository: file://../emailnotifier
  version: 8.7.1
- name: account-lookup-service
  repository: file://../account-lookup-service
  version: 8.7.1
- name: quoting-service
  repository: file://../quoting-service
  version: 8.7.1
- name: simulator
  repository: file://../simulator
  version: 8.7.0
- name: mojaloop-bulk
  repository: file://../mojaloop-bulk
  version: 8.7.1
- name: transaction-requests-service
  repository: file://../transaction-requests-service
  version: 8.7.1
digest: sha256:b1e944b0d64f5bfc21e26b226025c82c3199dd53dd2990606530bc639d8f4940
generated: "2019-12-16T16:17:17.242509+08:00"
