dependencies:
- name: bulk-api-adapter
  repository: file://../bulk-api-adapter
  version: 8.7.1
- name: bulk-centralledger
  repository: file://../bulk-centralledger
  version: 8.7.1
- name: mongodb
  repository: https://kubernetes-charts.storage.googleapis.com/
  version: 4.9.0
digest: sha256:d7658c05070856faf52d190d0496c3618fca3cd9a867225430f7c1b4e4b720d5
generated: "2019-12-16T14:51:45.48801+08:00"
