dependencies:
- name: prometheus
  repository: https://kubernetes-charts.storage.googleapis.com
  version: 9.2.0
- name: grafana
  repository: https://kubernetes-charts.storage.googleapis.com
  version: 4.0.1
digest: sha256:1ac15a7a0ee6843d31dee2cff17e4363af29948f257821cbb678521fbad455ff
generated: "2019-12-16T16:14:56.142373+08:00"
