dependencies:
- name: bulk-api-adapter-service
  repository: file://./chart-service
  version: 8.7.1
- name: bulk-api-adapter-handler-notification
  repository: file://./chart-handler-notification
  version: 8.7.1
digest: sha256:b4cd5d5f8f67dfbf764a77fb95fbc9f6d28b584a7581cc4ef30dc09ea6e8c97d
generated: "2019-12-16T16:16:52.133331+08:00"
