dependencies:
- name: account-lookup-service
  repository: file://./chart-service
  version: 8.7.1
- name: account-lookup-service-admin
  repository: file://./chart-admin
  version: 8.7.1
- name: als-oracle-pathfinder
  repository: file://../als-oracle-pathfinder
  version: 8.3.0
- name: percona-xtradb-cluster
  repository: https://kubernetes-charts.storage.googleapis.com
  version: 1.0.1
digest: sha256:f22df878c4d053cd81204d3bf35d98bee0c41be0abbff6e42e4e2c6f13b9f688
generated: "2019-12-16T16:15:22.704591+08:00"
