dependencies:
- name: cl-handler-bulk-transfer-prepare
  repository: file://./chart-handler-bulk-transfer-prepare
  version: 8.7.1
- name: cl-handler-bulk-transfer-fulfil
  repository: file://./chart-handler-bulk-transfer-fulfil
  version: 8.7.1
- name: cl-handler-bulk-transfer-processing
  repository: file://./chart-handler-bulk-transfer-processing
  version: 8.7.1
digest: sha256:c4d544a8c5ab15961a09ef0aaf5269722e10fbb604cd350a59ee63d656d92c2b
generated: "2019-12-16T16:16:44.59835+08:00"
