dependencies:
- name: fluentd-elasticsearch
  repository: https://kiwigrid.github.io
  version: 4.3.2
- name: elasticsearch
  repository: https://helm.elastic.co
  version: 7.2.1-0
- name: kibana
  repository: https://helm.elastic.co
  version: 7.2.1-0
- name: apm-server
  repository: https://kubernetes-charts.storage.googleapis.com/
  version: 2.1.4
digest: sha256:e9cdfde860cebf6a55a0a241aff1211ce7c71dc7805147c993f67cb79c1dc8ad
generated: "2019-12-16T16:15:04.558667+08:00"
