dependencies:
- name: ml-api-adapter-service
  repository: file://./chart-service
  version: 8.7.1
- name: ml-api-adapter-handler-notification
  repository: file://./chart-handler-notification
  version: 8.7.1
digest: sha256:d158c5387535819734c30f31af1ff486ddf18f1330b582c75d28cdfcdf7fdee0
generated: "2019-12-16T16:16:37.41765+08:00"
