dependencies:
- name: centralkms
  repository: file://../centralkms
  version: 2.4.0
- name: postgresql
  repository: https://kubernetes-charts.storage.googleapis.com/
  version: 0.9.1
digest: sha256:eb88d21ad7a4d008140d55ced0985341d22ab28f4acb3588f6ba97f8a5c13e38
generated: "2019-12-16T16:15:40.586438+08:00"
