dependencies:
- name: centralledger
  repository: file://../centralledger
  version: 8.7.1
- name: centralsettlement
  repository: file://../centralsettlement
  version: 8.7.1
- name: centraleventprocessor
  repository: file://../centraleventprocessor
  version: 8.7.1
digest: sha256:aae2fa4445ed07c47cfef47479a52346848f2fb432f2f0a1025e44b21ceee90d
generated: "2019-12-16T16:16:30.23276+08:00"
