dependencies:
- name: centralledger-service
  repository: file://./chart-service
  version: 8.7.1
- name: centralledger-handler-transfer-prepare
  repository: file://./chart-handler-transfer-prepare
  version: 8.7.1
- name: centralledger-handler-transfer-position
  repository: file://./chart-handler-transfer-position
  version: 8.7.1
- name: centralledger-handler-transfer-get
  repository: file://./chart-handler-transfer-get
  version: 8.7.1
- name: centralledger-handler-transfer-fulfil
  repository: file://./chart-handler-transfer-fulfil
  version: 8.7.1
- name: centralledger-handler-timeout
  repository: file://./chart-handler-timeout
  version: 8.7.1
- name: centralledger-handler-admin-transfer
  repository: file://./chart-handler-admin-transfer
  version: 8.7.1
- name: percona-xtradb-cluster
  repository: https://kubernetes-charts.storage.googleapis.com
  version: 1.0.1
- name: kafka
  repository: http://storage.googleapis.com/kubernetes-charts-incubator
  version: 0.13.11
digest: sha256:d73dac4855aeb9cc980232098e2df55468ba6501549b2cdb490779113979dd86
generated: "2019-12-16T16:15:49.271405+08:00"
